// !$*UTF8*$!
{
	archiveVersion = 1;
	classes = {
	};
	objectVersion = 56;
	objects = {

/* Begin PBXBuildFile section */
		74A596782C9829E300AE6342 /* ContentView.swift in Sources */ = {isa = PBXBuildFile; fileRef = 74A596772C9829E300AE6342 /* ContentView.swift */; };
		74A5967A2C9829E500AE6342 /* Assets.xcassets in Resources */ = {isa = PBXBuildFile; fileRef = 74A596792C9829E500AE6342 /* Assets.xcassets */; };
		74A5967D2C9829E500AE6342 /* Preview Assets.xcassets in Resources */ = {isa = PBXBuildFile; fileRef = 74A5967C2C9829E500AE6342 /* Preview Assets.xcassets */; };
		74A596842C982A7000AE6342 /* DogDetailView.swift in Sources */ = {isa = PBXBuildFile; fileRef = 74A596832C982A7000AE6342 /* DogDetailView.swift */; };
		74A596862C982A8D00AE6342 /* DogTipsView.swift in Sources */ = {isa = PBXBuildFile; fileRef = 74A596852C982A8D00AE6342 /* DogTipsView.swift */; };
		74A596882C982A9B00AE6342 /* MainView.swift in Sources */ = {isa = PBXBuildFile; fileRef = 74A596872C982A9B00AE6342 /* MainView.swift */; };
		74A5968A2C98416100AE6342 /* CareData.swift in Sources */ = {isa = PBXBuildFile; fileRef = 74A596892C98416100AE6342 /* CareData.swift */; };
		74A5968E2C98492700AE6342 /* DogNamesView.swift in Sources */ = {isa = PBXBuildFile; fileRef = 74A5968D2C98492700AE6342 /* DogNamesView.swift */; };
		74A596902C98495D00AE6342 /* DogNamesData.swift in Sources */ = {isa = PBXBuildFile; fileRef = 74A5968F2C98495D00AE6342 /* DogNamesData.swift */; };
		74A596972C984F5000AE6342 /* DogJournalView.swift in Sources */ = {isa = PBXBuildFile; fileRef = 74A596962C984F5000AE6342 /* DogJournalView.swift */; };
		74A596992C984FFF00AE6342 /* JournalViewModel.swift in Sources */ = {isa = PBXBuildFile; fileRef = 74A596982C984FFF00AE6342 /* JournalViewModel.swift */; };
		74A5969B2C98507600AE6342 /* JournalEntry.swift in Sources */ = {isa = PBXBuildFile; fileRef = 74A5969A2C98507600AE6342 /* JournalEntry.swift */; };
		74A5969D2C9850D100AE6342 /* AddEditEntryView.swift in Sources */ = {isa = PBXBuildFile; fileRef = 74A5969C2C9850D100AE6342 /* AddEditEntryView.swift */; };
/* End PBXBuildFile section */

/* Begin PBXFileReference section */
		74A596722C9829E300AE6342 /* BreedCare.app */ = {isa = PBXFileReference; explicitFileType = wrapper.application; includeInIndex = 0; path = BreedCare.app; sourceTree = BUILT_PRODUCTS_DIR; };
		74A596772C9829E300AE6342 /* ContentView.swift */ = {isa = PBXFileReference; lastKnownFileType = sourcecode.swift; path = ContentView.swift; sourceTree = "<group>"; };
		74A596792C9829E500AE6342 /* Assets.xcassets */ = {isa = PBXFileReference; lastKnownFileType = folder.assetcatalog; path = Assets.xcassets; sourceTree = "<group>"; };
		74A5967C2C9829E500AE6342 /* Preview Assets.xcassets */ = {isa = PBXFileReference; lastKnownFileType = folder.assetcatalog; path = "Preview Assets.xcassets"; sourceTree = "<group>"; };
		74A596832C982A7000AE6342 /* DogDetailView.swift */ = {isa = PBXFileReference; lastKnownFileType = sourcecode.swift; path = DogDetailView.swift; sourceTree = "<group>"; };
		74A596852C982A8D00AE6342 /* DogTipsView.swift */ = {isa = PBXFileReference; lastKnownFileType = sourcecode.swift; path = DogTipsView.swift; sourceTree = "<group>"; };
		74A596872C982A9B00AE6342 /* MainView.swift */ = {isa = PBXFileReference; lastKnownFileType = sourcecode.swift; path = MainView.swift; sourceTree = "<group>"; };
		74A596892C98416100AE6342 /* CareData.swift */ = {isa = PBXFileReference; lastKnownFileType = sourcecode.swift; path = CareData.swift; sourceTree = "<group>"; };
		74A5968D2C98492700AE6342 /* DogNamesView.swift */ = {isa = PBXFileReference; lastKnownFileType = sourcecode.swift; path = DogNamesView.swift; sourceTree = "<group>"; };
		74A5968F2C98495D00AE6342 /* DogNamesData.swift */ = {isa = PBXFileReference; lastKnownFileType = sourcecode.swift; path = DogNamesData.swift; sourceTree = "<group>"; };
		74A596962C984F5000AE6342 /* DogJournalView.swift */ = {isa = PBXFileReference; lastKnownFileType = sourcecode.swift; path = DogJournalView.swift; sourceTree = "<group>"; };
		74A596982C984FFF00AE6342 /* JournalViewModel.swift */ = {isa = PBXFileReference; lastKnownFileType = sourcecode.swift; path = JournalViewModel.swift; sourceTree = "<group>"; };
		74A5969A2C98507600AE6342 /* JournalEntry.swift */ = {isa = PBXFileReference; lastKnownFileType = sourcecode.swift; path = JournalEntry.swift; sourceTree = "<group>"; };
		74A5969C2C9850D100AE6342 /* AddEditEntryView.swift */ = {isa = PBXFileReference; lastKnownFileType = sourcecode.swift; path = AddEditEntryView.swift; sourceTree = "<group>"; };
/* End PBXFileReference section */

/* Begin PBXFrameworksBuildPhase section */
		74A5966F2C9829E300AE6342 /* Frameworks */ = {
			isa = PBXFrameworksBuildPhase;
			buildActionMask = 2147483647;
			files = (
			);
			runOnlyForDeploymentPostprocessing = 0;
		};
/* End PBXFrameworksBuildPhase section */

/* Begin PBXGroup section */
		74A596692C9829E300AE6342 = {
			isa = PBXGroup;
			children = (
				74A596742C9829E300AE6342 /* BreedCare */,
				74A596732C9829E300AE6342 /* Products */,
			);
			sourceTree = "<group>";
		};
		74A596732C9829E300AE6342 /* Products */ = {
			isa = PBXGroup;
			children = (
				74A596722C9829E300AE6342 /* BreedCare.app */,
			);
			name = Products;
			sourceTree = "<group>";
		};
		74A596742C9829E300AE6342 /* BreedCare */ = {
			isa = PBXGroup;
			children = (
				74A596832C982A7000AE6342 /* DogDetailView.swift */,
				74A596892C98416100AE6342 /* CareData.swift */,
				74A5969C2C9850D100AE6342 /* AddEditEntryView.swift */,
				74A596872C982A9B00AE6342 /* MainView.swift */,
				74A596962C984F5000AE6342 /* DogJournalView.swift */,
				74A596982C984FFF00AE6342 /* JournalViewModel.swift */,
				74A5968D2C98492700AE6342 /* DogNamesView.swift */,
				74A5969A2C98507600AE6342 /* JournalEntry.swift */,
				74A5968F2C98495D00AE6342 /* DogNamesData.swift */,
				74A596852C982A8D00AE6342 /* DogTipsView.swift */,
				74A596772C9829E300AE6342 /* ContentView.swift */,
				74A596792C9829E500AE6342 /* Assets.xcassets */,
				74A5967B2C9829E500AE6342 /* Preview Content */,
			);
			path = BreedCare;
			sourceTree = "<group>";
		};
		74A5967B2C9829E500AE6342 /* Preview Content */ = {
			isa = PBXGroup;
			children = (
				74A5967C2C9829E500AE6342 /* Preview Assets.xcassets */,
			);
			path = "Preview Content";
			sourceTree = "<group>";
		};
/* End PBXGroup section */

/* Begin PBXNativeTarget section */
		74A596712C9829E300AE6342 /* BreedCare */ = {
			isa = PBXNativeTarget;
			buildConfigurationList = 74A596802C9829E500AE6342 /* Build configuration list for PBXNativeTarget "BreedCare" */;
			buildPhases = (
				74A5966E2C9829E300AE6342 /* Sources */,
				74A5966F2C9829E300AE6342 /* Frameworks */,
				74A596702C9829E300AE6342 /* Resources */,
			);
			buildRules = (
			);
			dependencies = (
			);
			name = BreedCare;
			productName = BreedCare;
			productReference = 74A596722C9829E300AE6342 /* BreedCare.app */;
			productType = "com.apple.product-type.application";
		};
/* End PBXNativeTarget section */

/* Begin PBXProject section */
		74A5966A2C9829E300AE6342 /* Project object */ = {
			isa = PBXProject;
			attributes = {
				BuildIndependentTargetsInParallel = 1;
				LastSwiftUpdateCheck = 1540;
				LastUpgradeCheck = 1540;
				TargetAttributes = {
					74A596712C9829E300AE6342 = {
						CreatedOnToolsVersion = 15.4;
					};
				};
			};
			buildConfigurationList = 74A5966D2C9829E300AE6342 /* Build configuration list for PBXProject "BreedCare" */;
			compatibilityVersion = "Xcode 14.0";
			developmentRegion = en;
			hasScannedForEncodings = 0;
			knownRegions = (
				en,
				Base,
			);
			mainGroup = 74A596692C9829E300AE6342;
			productRefGroup = 74A596732C9829E300AE6342 /* Products */;
			projectDirPath = "";
			projectRoot = "";
			targets = (
				74A596712C9829E300AE6342 /* BreedCare */,
			);
		};
/* End PBXProject section */

/* Begin PBXResourcesBuildPhase section */
		74A596702C9829E300AE6342 /* Resources */ = {
			isa = PBXResourcesBuildPhase;
			buildActionMask = 2147483647;
			files = (
				74A5967D2C9829E500AE6342 /* Preview Assets.xcassets in Resources */,
				74A5967A2C9829E500AE6342 /* Assets.xcassets in Resources */,
			);
			runOnlyForDeploymentPostprocessing = 0;
		};
/* End PBXResourcesBuildPhase section */

/* Begin PBXSourcesBuildPhase section */
		74A5966E2C9829E300AE6342 /* Sources */ = {
			isa = PBXSourcesBuildPhase;
			buildActionMask = 2147483647;
			files = (
				74A596992C984FFF00AE6342 /* JournalViewModel.swift in Sources */,
				74A596902C98495D00AE6342 /* DogNamesData.swift in Sources */,
				74A5969B2C98507600AE6342 /* JournalEntry.swift in Sources */,
				74A5968E2C98492700AE6342 /* DogNamesView.swift in Sources */,
				74A5968A2C98416100AE6342 /* CareData.swift in Sources */,
				74A596782C9829E300AE6342 /* ContentView.swift in Sources */,
				74A5969D2C9850D100AE6342 /* AddEditEntryView.swift in Sources */,
				74A596862C982A8D00AE6342 /* DogTipsView.swift in Sources */,
				74A596842C982A7000AE6342 /* DogDetailView.swift in Sources */,
				74A596882C982A9B00AE6342 /* MainView.swift in Sources */,
				74A596972C984F5000AE6342 /* DogJournalView.swift in Sources */,
			);
			runOnlyForDeploymentPostprocessing = 0;
		};
/* End PBXSourcesBuildPhase section */

/* Begin XCBuildConfiguration section */
		74A5967E2C9829E500AE6342 /* Debug */ = {
			isa = XCBuildConfiguration;
			buildSettings = {
				ALWAYS_SEARCH_USER_PATHS = NO;
				ASSETCATALOG_COMPILER_GENERATE_SWIFT_ASSET_SYMBOL_EXTENSIONS = YES;
				CLANG_ANALYZER_NONNULL = YES;
				CLANG_ANALYZER_NUMBER_OBJECT_CONVERSION = YES_AGGRESSIVE;
				CLANG_CXX_LANGUAGE_STANDARD = "gnu++20";
				CLANG_ENABLE_MODULES = YES;
				CLANG_ENABLE_OBJC_ARC = YES;
				CLANG_ENABLE_OBJC_WEAK = YES;
				CLANG_WARN_BLOCK_CAPTURE_AUTORELEASING = YES;
				CLANG_WARN_BOOL_CONVERSION = YES;
				CLANG_WARN_COMMA = YES;
				CLANG_WARN_CONSTANT_CONVERSION = YES;
				CLANG_WARN_DEPRECATED_OBJC_IMPLEMENTATIONS = YES;
				CLANG_WARN_DIRECT_OBJC_ISA_USAGE = YES_ERROR;
				CLANG_WARN_DOCUMENTATION_COMMENTS = YES;
				CLANG_WARN_EMPTY_BODY = YES;
				CLANG_WARN_ENUM_CONVERSION = YES;
				CLANG_WARN_INFINITE_RECURSION = YES;
				CLANG_WARN_INT_CONVERSION = YES;
				CLANG_WARN_NON_LITERAL_NULL_CONVERSION = YES;
				CLANG_WARN_OBJC_IMPLICIT_RETAIN_SELF = YES;
				CLANG_WARN_OBJC_LITERAL_CONVERSION = YES;
				CLANG_WARN_OBJC_ROOT_CLASS = YES_ERROR;
				CLANG_WARN_QUOTED_INCLUDE_IN_FRAMEWORK_HEADER = YES;
				CLANG_WARN_RANGE_LOOP_ANALYSIS = YES;
				CLANG_WARN_STRICT_PROTOTYPES = YES;
				CLANG_WARN_SUSPICIOUS_MOVE = YES;
				CLANG_WARN_UNGUARDED_AVAILABILITY = YES_AGGRESSIVE;
				CLANG_WARN_UNREACHABLE_CODE = YES;
				CLANG_WARN__DUPLICATE_METHOD_MATCH = YES;
				COPY_PHASE_STRIP = NO;
				DEBUG_INFORMATION_FORMAT = dwarf;
				ENABLE_STRICT_OBJC_MSGSEND = YES;
				ENABLE_TESTABILITY = YES;
				ENABLE_USER_SCRIPT_SANDBOXING = YES;
				GCC_C_LANGUAGE_STANDARD = gnu17;
				GCC_DYNAMIC_NO_PIC = NO;
				GCC_NO_COMMON_BLOCKS = YES;
				GCC_OPTIMIZATION_LEVEL = 0;
				GCC_PREPROCESSOR_DEFINITIONS = (
					"DEBUG=1",
					"$(inherited)",
				);
				GCC_WARN_64_TO_32_BIT_CONVERSION = YES;
				GCC_WARN_ABOUT_RETURN_TYPE = YES_ERROR;
				GCC_WARN_UNDECLARED_SELECTOR = YES;
				GCC_WARN_UNINITIALIZED_AUTOS = YES_AGGRESSIVE;
				GCC_WARN_UNUSED_FUNCTION = YES;
				GCC_WARN_UNUSED_VARIABLE = YES;
				IPHONEOS_DEPLOYMENT_TARGET = 17.5;
				LOCALIZATION_PREFERS_STRING_CATALOGS = YES;
				MTL_ENABLE_DEBUG_INFO = INCLUDE_SOURCE;
				MTL_FAST_MATH = YES;
				ONLY_ACTIVE_ARCH = YES;
				SDKROOT = iphoneos;
				SWIFT_ACTIVE_COMPILATION_CONDITIONS = "DEBUG $(inherited)";
				SWIFT_OPTIMIZATION_LEVEL = "-Onone";
			};
			name = Debug;
		};
		74A5967F2C9829E500AE6342 /* Release */ = {
			isa = XCBuildConfiguration;
			buildSettings = {
				ALWAYS_SEARCH_USER_PATHS = NO;
				ASSETCATALOG_COMPILER_GENERATE_SWIFT_ASSET_SYMBOL_EXTENSIONS = YES;
				CLANG_ANALYZER_NONNULL = YES;
				CLANG_ANALYZER_NUMBER_OBJECT_CONVERSION = YES_AGGRESSIVE;
				CLANG_CXX_LANGUAGE_STANDARD = "gnu++20";
				CLANG_ENABLE_MODULES = YES;
				CLANG_ENABLE_OBJC_ARC = YES;
				CLANG_ENABLE_OBJC_WEAK = YES;
				CLANG_WARN_BLOCK_CAPTURE_AUTORELEASING = YES;
				CLANG_WARN_BOOL_CONVERSION = YES;
				CLANG_WARN_COMMA = YES;
				CLANG_WARN_CONSTANT_CONVERSION = YES;
				CLANG_WARN_DEPRECATED_OBJC_IMPLEMENTATIONS = YES;
				CLANG_WARN_DIRECT_OBJC_ISA_USAGE = YES_ERROR;
				CLANG_WARN_DOCUMENTATION_COMMENTS = YES;
				CLANG_WARN_EMPTY_BODY = YES;
				CLANG_WARN_ENUM_CONVERSION = YES;
				CLANG_WARN_INFINITE_RECURSION = YES;
				CLANG_WARN_INT_CONVERSION = YES;
				CLANG_WARN_NON_LITERAL_NULL_CONVERSION = YES;
				CLANG_WARN_OBJC_IMPLICIT_RETAIN_SELF = YES;
				CLANG_WARN_OBJC_LITERAL_CONVERSION = YES;
				CLANG_WARN_OBJC_ROOT_CLASS = YES_ERROR;
				CLANG_WARN_QUOTED_INCLUDE_IN_FRAMEWORK_HEADER = YES;
				CLANG_WARN_RANGE_LOOP_ANALYSIS = YES;
				CLANG_WARN_STRICT_PROTOTYPES = YES;
				CLANG_WARN_SUSPICIOUS_MOVE = YES;
				CLANG_WARN_UNGUARDED_AVAILABILITY = YES_AGGRESSIVE;
				CLANG_WARN_UNREACHABLE_CODE = YES;
				CLANG_WARN__DUPLICATE_METHOD_MATCH = YES;
				COPY_PHASE_STRIP = NO;
				DEBUG_INFORMATION_FORMAT = "dwarf-with-dsym";
				ENABLE_NS_ASSERTIONS = NO;
				ENABLE_STRICT_OBJC_MSGSEND = YES;
				ENABLE_USER_SCRIPT_SANDBOXING = YES;
				GCC_C_LANGUAGE_STANDARD = gnu17;
				GCC_NO_COMMON_BLOCKS = YES;
				GCC_WARN_64_TO_32_BIT_CONVERSION = YES;
				GCC_WARN_ABOUT_RETURN_TYPE = YES_ERROR;
				GCC_WARN_UNDECLARED_SELECTOR = YES;
				GCC_WARN_UNINITIALIZED_AUTOS = YES_AGGRESSIVE;
				GCC_WARN_UNUSED_FUNCTION = YES;
				GCC_WARN_UNUSED_VARIABLE = YES;
				IPHONEOS_DEPLOYMENT_TARGET = 17.5;
				LOCALIZATION_PREFERS_STRING_CATALOGS = YES;
				MTL_ENABLE_DEBUG_INFO = NO;
				MTL_FAST_MATH = YES;
				SDKROOT = iphoneos;
				SWIFT_COMPILATION_MODE = wholemodule;
				VALIDATE_PRODUCT = YES;
			};
			name = Release;
		};
		74A596812C9829E500AE6342 /* Debug */ = {
			isa = XCBuildConfiguration;
			buildSettings = {
				ASSETCATALOG_COMPILER_APPICON_NAME = AppIcon;
				ASSETCATALOG_COMPILER_GLOBAL_ACCENT_COLOR_NAME = AccentColor;
				CODE_SIGN_STYLE = Automatic;
				CURRENT_PROJECT_VERSION = 1;
				DEVELOPMENT_ASSET_PATHS = "\"BreedCare/Preview Content\"";
				DEVELOPMENT_TEAM = JQVZJWH25X;
				ENABLE_PREVIEWS = YES;
				GENERATE_INFOPLIST_FILE = YES;
				INFOPLIST_KEY_UIApplicationSceneManifest_Generation = YES;
				INFOPLIST_KEY_UIApplicationSupportsIndirectInputEvents = YES;
				INFOPLIST_KEY_UILaunchScreen_Generation = YES;
				INFOPLIST_KEY_UISupportedInterfaceOrientations_iPad = "UIInterfaceOrientationPortrait UIInterfaceOrientationPortraitUpsideDown UIInterfaceOrientationLandscapeLeft UIInterfaceOrientationLandscapeRight";
				INFOPLIST_KEY_UISupportedInterfaceOrientations_iPhone = "UIInterfaceOrientationPortrait UIInterfaceOrientationLandscapeLeft UIInterfaceOrientationLandscapeRight";
				LD_RUNPATH_SEARCH_PATHS = (
					"$(inherited)",
					"@executable_path/Frameworks",
				);
				MARKETING_VERSION = 1.0;
				PRODUCT_BUNDLE_IDENTIFIER = riz.BreedCare;
				PRODUCT_NAME = "$(TARGET_NAME)";
				SWIFT_EMIT_LOC_STRINGS = YES;
				SWIFT_VERSION = 5.0;
				TARGETED_DEVICE_FAMILY = "1,2";
			};
			name = Debug;
		};
		74A596822C9829E500AE6342 /* Release */ = {
			isa = XCBuildConfiguration;
			buildSettings = {
				ASSETCATALOG_COMPILER_APPICON_NAME = AppIcon;
				ASSETCATALOG_COMPILER_GLOBAL_ACCENT_COLOR_NAME = AccentColor;
				CODE_SIGN_STYLE = Automatic;
				CURRENT_PROJECT_VERSION = 1;
				DEVELOPMENT_ASSET_PATHS = "\"BreedCare/Preview Content\"";
				DEVELOPMENT_TEAM = JQVZJWH25X;
				ENABLE_PREVIEWS = YES;
				GENERATE_INFOPLIST_FILE = YES;
				INFOPLIST_KEY_UIApplicationSceneManifest_Generation = YES;
				INFOPLIST_KEY_UIApplicationSupportsIndirectInputEvents = YES;
				INFOPLIST_KEY_UILaunchScreen_Generation = YES;
				INFOPLIST_KEY_UISupportedInterfaceOrientations_iPad = "UIInterfaceOrientationPortrait UIInterfaceOrientationPortraitUpsideDown UIInterfaceOrientationLandscapeLeft UIInterfaceOrientationLandscapeRight";
				INFOPLIST_KEY_UISupportedInterfaceOrientations_iPhone = "UIInterfaceOrientationPortrait UIInterfaceOrientationLandscapeLeft UIInterfaceOrientationLandscapeRight";
				LD_RUNPATH_SEARCH_PATHS = (
					"$(inherited)",
					"@executable_path/Frameworks",
				);
				MARKETING_VERSION = 1.0;
				PRODUCT_BUNDLE_IDENTIFIER = riz.BreedCare;
				PRODUCT_NAME = "$(TARGET_NAME)";
				SWIFT_EMIT_LOC_STRINGS = YES;
				SWIFT_VERSION = 5.0;
				TARGETED_DEVICE_FAMILY = "1,2";
			};
			name = Release;
		};
/* End XCBuildConfiguration section */

/* Begin XCConfigurationList section */
		74A5966D2C9829E300AE6342 /* Build configuration list for PBXProject "BreedCare" */ = {
			isa = XCConfigurationList;
			buildConfigurations = (
				74A5967E2C9829E500AE6342 /* Debug */,
				74A5967F2C9829E500AE6342 /* Release */,
			);
			defaultConfigurationIsVisible = 0;
			defaultConfigurationName = Release;
		};
		74A596802C9829E500AE6342 /* Build configuration list for PBXNativeTarget "BreedCare" */ = {
			isa = XCConfigurationList;
			buildConfigurations = (
				74A596812C9829E500AE6342 /* Debug */,
				74A596822C9829E500AE6342 /* Release */,
			);
			defaultConfigurationIsVisible = 0;
			defaultConfigurationName = Release;
		};
/* End XCConfigurationList section */
	};
	rootObject = 74A5966A2C9829E300AE6342 /* Project object */;
}
